
Microsoft Visual Studio Solution File, Format Version 12.00
# Visual Studio 2013
VisualStudioVersion = 12.0.31101.0
MinimumVisualStudioVersion = 10.0.40219.1
Project("{8BC9CEB8-8B4A-11D0-8D11-00A0C91BC942}") = "game", "game\game.vcxproj", "{8675A54B-F714-4D31-A884-C75DB7E6CC9E}"
EndProject
Project("{8BC9CEB8-8B4A-11D0-8D11-00A0C91BC942}") = "cgame", "cgame\cgame.vcxproj", "{28B71A03-9E20-4EF5-ADDE-18BF3A38BC15}"
EndProject
Project("{8BC9CEB8-8B4A-11D0-8D11-00A0C91BC942}") = "ui", "ui\ui.vcxproj", "{79075238-3C3B-43BB-B86B-F29BF754030C}"
EndProject
Project("{8BC9CEB8-8B4A-11D0-8D11-00A0C91BC942}") = "jk2ded", "win32\jk2ded.vcxproj", "{18A6A5E0-1250-4B1E-9F4E-FD88957EC226}"
EndProject
Project("{8BC9CEB8-8B4A-11D0-8D11-00A0C91BC942}") = "jk2mp", "win32\jk2mp.vcxproj", "{F1FCACAD-40D0-4B40-85FA-06907F19C166}"
EndProject
Global
	GlobalSection(SolutionConfigurationPlatforms) = preSolution
		Debug|Win32 = Debug|Win32
		Release|Win32 = Release|Win32
	EndGlobalSection
	GlobalSection(ProjectConfigurationPlatforms) = postSolution
		{8675A54B-F714-4D31-A884-C75DB7E6CC9E}.Debug|Win32.ActiveCfg = Debug|Win32
		{8675A54B-F714-4D31-A884-C75DB7E6CC9E}.Debug|Win32.Build.0 = Debug|Win32
		{8675A54B-F714-4D31-A884-C75DB7E6CC9E}.Release|Win32.ActiveCfg = Release|Win32
		{8675A54B-F714-4D31-A884-C75DB7E6CC9E}.Release|Win32.Build.0 = Release|Win32
		{28B71A03-9E20-4EF5-ADDE-18BF3A38BC15}.Debug|Win32.ActiveCfg = Debug|Win32
		{28B71A03-9E20-4EF5-ADDE-18BF3A38BC15}.Debug|Win32.Build.0 = Debug|Win32
		{28B71A03-9E20-4EF5-ADDE-18BF3A38BC15}.Release|Win32.ActiveCfg = Release|Win32
		{28B71A03-9E20-4EF5-ADDE-18BF3A38BC15}.Release|Win32.Build.0 = Release|Win32
		{79075238-3C3B-43BB-B86B-F29BF754030C}.Debug|Win32.ActiveCfg = Debug|Win32
		{79075238-3C3B-43BB-B86B-F29BF754030C}.Debug|Win32.Build.0 = Debug|Win32
		{79075238-3C3B-43BB-B86B-F29BF754030C}.Release|Win32.ActiveCfg = Release|Win32
		{79075238-3C3B-43BB-B86B-F29BF754030C}.Release|Win32.Build.0 = Release|Win32
		{18A6A5E0-1250-4B1E-9F4E-FD88957EC226}.Debug|Win32.ActiveCfg = Debug|Win32
		{18A6A5E0-1250-4B1E-9F4E-FD88957EC226}.Debug|Win32.Build.0 = Debug|Win32
		{18A6A5E0-1250-4B1E-9F4E-FD88957EC226}.Release|Win32.ActiveCfg = Release|Win32
		{18A6A5E0-1250-4B1E-9F4E-FD88957EC226}.Release|Win32.Build.0 = Release|Win32
		{F1FCACAD-40D0-4B40-85FA-06907F19C166}.Debug|Win32.ActiveCfg = Debug|Win32
		{F1FCACAD-40D0-4B40-85FA-06907F19C166}.Debug|Win32.Build.0 = Debug|Win32
		{F1FCACAD-40D0-4B40-85FA-06907F19C166}.Release|Win32.ActiveCfg = Release|Win32
		{F1FCACAD-40D0-4B40-85FA-06907F19C166}.Release|Win32.Build.0 = Release|Win32
	EndGlobalSection
	GlobalSection(SolutionProperties) = preSolution
		HideSolutionNode = FALSE
	EndGlobalSection
EndGlobal
